
Microsoft Visual Studio Solution File, Format Version 12.00
# Visual Studio Version 17
VisualStudioVersion = 17.6.33829.357
MinimumVisualStudioVersion = 10.0.40219.1
Project("{FAE04EC0-301F-11D3-BF4B-00C04F79EFBC}") = "CashApp", "CashApp\CashApp.csproj", "{D078F3DB-7CDB-4C83-A144-9EDFFEDF3731}"
EndProject
Global
	GlobalSection(SolutionConfigurationPlatforms) = preSolution
		Debug|Any CPU = Debug|Any CPU
		Release|Any CPU = Release|Any CPU
	EndGlobalSection
	GlobalSection(ProjectConfigurationPlatforms) = postSolution
		{D078F3DB-7CDB-4C83-A144-9EDFFEDF3731}.Debug|Any CPU.ActiveCfg = Debug|Any CPU
		{D078F3DB-7CDB-4C83-A144-9EDFFEDF3731}.Debug|Any CPU.Build.0 = Debug|Any CPU
		{D078F3DB-7CDB-4C83-A144-9EDFFEDF3731}.Release|Any CPU.ActiveCfg = Release|Any CPU
		{D078F3DB-7CDB-4C83-A144-9EDFFEDF3731}.Release|Any CPU.Build.0 = Release|Any CPU
	EndGlobalSection
	GlobalSection(SolutionProperties) = preSolution
		HideSolutionNode = FALSE
	EndGlobalSection
	GlobalSection(ExtensibilityGlobals) = postSolution
		SolutionGuid = {7107F232-0552-47A4-924C-528C6DE8C9F9}
	EndGlobalSection
EndGlobal
